
Microsoft Visual Studio Solution File, Format Version 12.00
# Visual Studio Version 17
VisualStudioVersion = 17.2.32630.192
MinimumVisualStudioVersion = 10.0.40219.1
Project("{FAE04EC0-301F-11D3-BF4B-00C04F79EFBC}") = "WorkingWithDates", "WorkingWithDates\WorkingWithDates.csproj", "{465BB3B9-1CEB-4B89-9F7B-F528EA886B59}"
EndProject
Global
	GlobalSection(SolutionConfigurationPlatforms) = preSolution
		Debug|Any CPU = Debug|Any CPU
		Release|Any CPU = Release|Any CPU
	EndGlobalSection
	GlobalSection(ProjectConfigurationPlatforms) = postSolution
		{465BB3B9-1CEB-4B89-9F7B-F528EA886B59}.Debug|Any CPU.ActiveCfg = Debug|Any CPU
		{465BB3B9-1CEB-4B89-9F7B-F528EA886B59}.Debug|Any CPU.Build.0 = Debug|Any CPU
		{465BB3B9-1CEB-4B89-9F7B-F528EA886B59}.Release|Any CPU.ActiveCfg = Release|Any CPU
		{465BB3B9-1CEB-4B89-9F7B-F528EA886B59}.Release|Any CPU.Build.0 = Release|Any CPU
	EndGlobalSection
	GlobalSection(SolutionProperties) = preSolution
		HideSolutionNode = FALSE
	EndGlobalSection
	GlobalSection(ExtensibilityGlobals) = postSolution
		SolutionGuid = {C21DCA0A-B644-4B23-B4A3-F666052EF315}
	EndGlobalSection
EndGlobal
