
Microsoft Visual Studio Solution File, Format Version 12.00
# Visual Studio Version 17
VisualStudioVersion = 17.2.32630.192
MinimumVisualStudioVersion = 10.0.40219.1
Project("{FAE04EC0-301F-11D3-BF4B-00C04F79EFBC}") = "genericlists", "genericlists\genericlists.csproj", "{0CE8FE0D-AA19-46F0-935A-6629DF81D049}"
EndProject
Global
	GlobalSection(SolutionConfigurationPlatforms) = preSolution
		Debug|Any CPU = Debug|Any CPU
		Release|Any CPU = Release|Any CPU
	EndGlobalSection
	GlobalSection(ProjectConfigurationPlatforms) = postSolution
		{0CE8FE0D-AA19-46F0-935A-6629DF81D049}.Debug|Any CPU.ActiveCfg = Debug|Any CPU
		{0CE8FE0D-AA19-46F0-935A-6629DF81D049}.Debug|Any CPU.Build.0 = Debug|Any CPU
		{0CE8FE0D-AA19-46F0-935A-6629DF81D049}.Release|Any CPU.ActiveCfg = Release|Any CPU
		{0CE8FE0D-AA19-46F0-935A-6629DF81D049}.Release|Any CPU.Build.0 = Release|Any CPU
	EndGlobalSection
	GlobalSection(SolutionProperties) = preSolution
		HideSolutionNode = FALSE
	EndGlobalSection
	GlobalSection(ExtensibilityGlobals) = postSolution
		SolutionGuid = {35DBFCD8-5E2A-44A6-BF44-F936930BF7BB}
	EndGlobalSection
EndGlobal
