
Microsoft Visual Studio Solution File, Format Version 12.00
# Visual Studio Version 17
VisualStudioVersion = 17.2.32630.192
MinimumVisualStudioVersion = 10.0.40219.1
Project("{FAE04EC0-301F-11D3-BF4B-00C04F79EFBC}") = "structs", "structs\structs.csproj", "{4A493F01-771D-458B-91E2-690FD074B134}"
EndProject
Global
	GlobalSection(SolutionConfigurationPlatforms) = preSolution
		Debug|Any CPU = Debug|Any CPU
		Release|Any CPU = Release|Any CPU
	EndGlobalSection
	GlobalSection(ProjectConfigurationPlatforms) = postSolution
		{4A493F01-771D-458B-91E2-690FD074B134}.Debug|Any CPU.ActiveCfg = Debug|Any CPU
		{4A493F01-771D-458B-91E2-690FD074B134}.Debug|Any CPU.Build.0 = Debug|Any CPU
		{4A493F01-771D-458B-91E2-690FD074B134}.Release|Any CPU.ActiveCfg = Release|Any CPU
		{4A493F01-771D-458B-91E2-690FD074B134}.Release|Any CPU.Build.0 = Release|Any CPU
	EndGlobalSection
	GlobalSection(SolutionProperties) = preSolution
		HideSolutionNode = FALSE
	EndGlobalSection
	GlobalSection(ExtensibilityGlobals) = postSolution
		SolutionGuid = {480E8563-256E-4016-BAE7-42DEB0BD76FE}
	EndGlobalSection
EndGlobal
