
Microsoft Visual Studio Solution File, Format Version 12.00
# Visual Studio Version 17
VisualStudioVersion = 17.2.32630.192
MinimumVisualStudioVersion = 10.0.40219.1
Project("{FAE04EC0-301F-11D3-BF4B-00C04F79EFBC}") = "randomclass", "randomclass\randomclass.csproj", "{DA78AEE9-ED15-4FF5-868D-FD9C4D9C1EB1}"
EndProject
Global
	GlobalSection(SolutionConfigurationPlatforms) = preSolution
		Debug|Any CPU = Debug|Any CPU
		Release|Any CPU = Release|Any CPU
	EndGlobalSection
	GlobalSection(ProjectConfigurationPlatforms) = postSolution
		{DA78AEE9-ED15-4FF5-868D-FD9C4D9C1EB1}.Debug|Any CPU.ActiveCfg = Debug|Any CPU
		{DA78AEE9-ED15-4FF5-868D-FD9C4D9C1EB1}.Debug|Any CPU.Build.0 = Debug|Any CPU
		{DA78AEE9-ED15-4FF5-868D-FD9C4D9C1EB1}.Release|Any CPU.ActiveCfg = Release|Any CPU
		{DA78AEE9-ED15-4FF5-868D-FD9C4D9C1EB1}.Release|Any CPU.Build.0 = Release|Any CPU
	EndGlobalSection
	GlobalSection(SolutionProperties) = preSolution
		HideSolutionNode = FALSE
	EndGlobalSection
	GlobalSection(ExtensibilityGlobals) = postSolution
		SolutionGuid = {36A7865E-8AB3-47AC-96CA-FDD0A8A6B384}
	EndGlobalSection
EndGlobal
