
Microsoft Visual Studio Solution File, Format Version 12.00
# Visual Studio Version 17
VisualStudioVersion = 17.3.32804.467
MinimumVisualStudioVersion = 10.0.40219.1
Project("{FAE04EC0-301F-11D3-BF4B-00C04F79EFBC}") = "animals", "animals\animals.csproj", "{934C2615-73F6-4363-9CDA-B846B1EDAD79}"
EndProject
Global
	GlobalSection(SolutionConfigurationPlatforms) = preSolution
		Debug|Any CPU = Debug|Any CPU
		Release|Any CPU = Release|Any CPU
	EndGlobalSection
	GlobalSection(ProjectConfigurationPlatforms) = postSolution
		{934C2615-73F6-4363-9CDA-B846B1EDAD79}.Debug|Any CPU.ActiveCfg = Debug|Any CPU
		{934C2615-73F6-4363-9CDA-B846B1EDAD79}.Debug|Any CPU.Build.0 = Debug|Any CPU
		{934C2615-73F6-4363-9CDA-B846B1EDAD79}.Release|Any CPU.ActiveCfg = Release|Any CPU
		{934C2615-73F6-4363-9CDA-B846B1EDAD79}.Release|Any CPU.Build.0 = Release|Any CPU
	EndGlobalSection
	GlobalSection(SolutionProperties) = preSolution
		HideSolutionNode = FALSE
	EndGlobalSection
	GlobalSection(ExtensibilityGlobals) = postSolution
		SolutionGuid = {F524B6D8-FD29-4EFC-BA37-5C1002BA7F39}
	EndGlobalSection
EndGlobal
