
Microsoft Visual Studio Solution File, Format Version 12.00
# Visual Studio Version 17
VisualStudioVersion = 17.2.32630.192
MinimumVisualStudioVersion = 10.0.40219.1
Project("{FAE04EC0-301F-11D3-BF4B-00C04F79EFBC}") = "Stringbuilder", "Stringbuilder\Stringbuilder.csproj", "{D259FBCB-8747-437B-AA21-7A73DC09D475}"
EndProject
Global
	GlobalSection(SolutionConfigurationPlatforms) = preSolution
		Debug|Any CPU = Debug|Any CPU
		Release|Any CPU = Release|Any CPU
	EndGlobalSection
	GlobalSection(ProjectConfigurationPlatforms) = postSolution
		{D259FBCB-8747-437B-AA21-7A73DC09D475}.Debug|Any CPU.ActiveCfg = Debug|Any CPU
		{D259FBCB-8747-437B-AA21-7A73DC09D475}.Debug|Any CPU.Build.0 = Debug|Any CPU
		{D259FBCB-8747-437B-AA21-7A73DC09D475}.Release|Any CPU.ActiveCfg = Release|Any CPU
		{D259FBCB-8747-437B-AA21-7A73DC09D475}.Release|Any CPU.Build.0 = Release|Any CPU
	EndGlobalSection
	GlobalSection(SolutionProperties) = preSolution
		HideSolutionNode = FALSE
	EndGlobalSection
	GlobalSection(ExtensibilityGlobals) = postSolution
		SolutionGuid = {83A59F1E-3545-42D7-81C0-5E2276596C80}
	EndGlobalSection
EndGlobal
