
Microsoft Visual Studio Solution File, Format Version 12.00
# Visual Studio Version 17
VisualStudioVersion = 17.2.32630.192
MinimumVisualStudioVersion = 10.0.40219.1
Project("{FAE04EC0-301F-11D3-BF4B-00C04F79EFBC}") = "TypeConversion", "TypeConversion\TypeConversion.csproj", "{793AEC81-9E5F-4771-88CB-4A5FD8354DEB}"
EndProject
Global
	GlobalSection(SolutionConfigurationPlatforms) = preSolution
		Debug|Any CPU = Debug|Any CPU
		Release|Any CPU = Release|Any CPU
	EndGlobalSection
	GlobalSection(ProjectConfigurationPlatforms) = postSolution
		{793AEC81-9E5F-4771-88CB-4A5FD8354DEB}.Debug|Any CPU.ActiveCfg = Debug|Any CPU
		{793AEC81-9E5F-4771-88CB-4A5FD8354DEB}.Debug|Any CPU.Build.0 = Debug|Any CPU
		{793AEC81-9E5F-4771-88CB-4A5FD8354DEB}.Release|Any CPU.ActiveCfg = Release|Any CPU
		{793AEC81-9E5F-4771-88CB-4A5FD8354DEB}.Release|Any CPU.Build.0 = Release|Any CPU
	EndGlobalSection
	GlobalSection(SolutionProperties) = preSolution
		HideSolutionNode = FALSE
	EndGlobalSection
	GlobalSection(ExtensibilityGlobals) = postSolution
		SolutionGuid = {28198CCC-455A-4E76-B6B9-9EE331B7D812}
	EndGlobalSection
EndGlobal
